
Microsoft Visual Studio Solution File, Format Version 12.00
# Visual Studio Version 17
VisualStudioVersion = 17.14.36310.24 d17.14
MinimumVisualStudioVersion = 10.0.40219.1
Project("{FAE04EC0-301F-11D3-BF4B-00C04F79EFBC}") = "ExtensionLibrar", "ExtensionLibrar\ExtensionLibrar.csproj", "{4FED79A7-97A9-4CBB-9A78-013AE630D392}"
EndProject
Project("{FAE04EC0-301F-11D3-BF4B-00C04F79EFBC}") = "ExtensionExample2", "..\ExtensionExample2\ExtensionExample2.csproj", "{A2043081-09CA-415F-867E-69026D12FA59}"
EndProject
Global
	GlobalSection(SolutionConfigurationPlatforms) = preSolution
		Debug|Any CPU = Debug|Any CPU
		Release|Any CPU = Release|Any CPU
	EndGlobalSection
	GlobalSection(ProjectConfigurationPlatforms) = postSolution
		{4FED79A7-97A9-4CBB-9A78-013AE630D392}.Debug|Any CPU.ActiveCfg = Debug|Any CPU
		{4FED79A7-97A9-4CBB-9A78-013AE630D392}.Debug|Any CPU.Build.0 = Debug|Any CPU
		{4FED79A7-97A9-4CBB-9A78-013AE630D392}.Release|Any CPU.ActiveCfg = Release|Any CPU
		{4FED79A7-97A9-4CBB-9A78-013AE630D392}.Release|Any CPU.Build.0 = Release|Any CPU
		{A2043081-09CA-415F-867E-69026D12FA59}.Debug|Any CPU.ActiveCfg = Debug|Any CPU
		{A2043081-09CA-415F-867E-69026D12FA59}.Debug|Any CPU.Build.0 = Debug|Any CPU
		{A2043081-09CA-415F-867E-69026D12FA59}.Release|Any CPU.ActiveCfg = Release|Any CPU
		{A2043081-09CA-415F-867E-69026D12FA59}.Release|Any CPU.Build.0 = Release|Any CPU
	EndGlobalSection
	GlobalSection(SolutionProperties) = preSolution
		HideSolutionNode = FALSE
	EndGlobalSection
	GlobalSection(ExtensibilityGlobals) = postSolution
		SolutionGuid = {D2776DB4-4D0E-46E1-A935-DCA338F56EEB}
	EndGlobalSection
EndGlobal
