
Microsoft Visual Studio Solution File, Format Version 12.00
# Visual Studio Version 17
VisualStudioVersion = 17.14.36310.24 d17.14
MinimumVisualStudioVersion = 10.0.40219.1
Project("{FAE04EC0-301F-11D3-BF4B-00C04F79EFBC}") = "MockExample", "MockExample\MockExample.csproj", "{ABFE28C8-3B79-4E96-89D2-82BABF70EDB0}"
EndProject
Global
	GlobalSection(SolutionConfigurationPlatforms) = preSolution
		Debug|Any CPU = Debug|Any CPU
		Release|Any CPU = Release|Any CPU
	EndGlobalSection
	GlobalSection(ProjectConfigurationPlatforms) = postSolution
		{ABFE28C8-3B79-4E96-89D2-82BABF70EDB0}.Debug|Any CPU.ActiveCfg = Debug|Any CPU
		{ABFE28C8-3B79-4E96-89D2-82BABF70EDB0}.Debug|Any CPU.Build.0 = Debug|Any CPU
		{ABFE28C8-3B79-4E96-89D2-82BABF70EDB0}.Release|Any CPU.ActiveCfg = Release|Any CPU
		{ABFE28C8-3B79-4E96-89D2-82BABF70EDB0}.Release|Any CPU.Build.0 = Release|Any CPU
	EndGlobalSection
	GlobalSection(SolutionProperties) = preSolution
		HideSolutionNode = FALSE
	EndGlobalSection
	GlobalSection(ExtensibilityGlobals) = postSolution
		SolutionGuid = {8B2064AF-14B7-4BD6-B3E7-CA82D7DBD51F}
	EndGlobalSection
EndGlobal
