
Microsoft Visual Studio Solution File, Format Version 12.00
# Visual Studio Version 17
VisualStudioVersion = 17.14.36310.24 d17.14
MinimumVisualStudioVersion = 10.0.40219.1
Project("{FAE04EC0-301F-11D3-BF4B-00C04F79EFBC}") = "PracticeAssessment", "PracticeAssessment\PracticeAssessment.csproj", "{019C1A7F-6157-4B93-8508-97FA0D6A7DB9}"
EndProject
Global
	GlobalSection(SolutionConfigurationPlatforms) = preSolution
		Debug|Any CPU = Debug|Any CPU
		Release|Any CPU = Release|Any CPU
	EndGlobalSection
	GlobalSection(ProjectConfigurationPlatforms) = postSolution
		{019C1A7F-6157-4B93-8508-97FA0D6A7DB9}.Debug|Any CPU.ActiveCfg = Debug|Any CPU
		{019C1A7F-6157-4B93-8508-97FA0D6A7DB9}.Debug|Any CPU.Build.0 = Debug|Any CPU
		{019C1A7F-6157-4B93-8508-97FA0D6A7DB9}.Release|Any CPU.ActiveCfg = Release|Any CPU
		{019C1A7F-6157-4B93-8508-97FA0D6A7DB9}.Release|Any CPU.Build.0 = Release|Any CPU
	EndGlobalSection
	GlobalSection(SolutionProperties) = preSolution
		HideSolutionNode = FALSE
	EndGlobalSection
	GlobalSection(ExtensibilityGlobals) = postSolution
		SolutionGuid = {86A9A1D4-3138-4FA1-BEB6-718504E327EB}
	EndGlobalSection
EndGlobal
