
Microsoft Visual Studio Solution File, Format Version 12.00
# Visual Studio Version 17
VisualStudioVersion = 17.14.36310.24 d17.14
MinimumVisualStudioVersion = 10.0.40219.1
Project("{FAE04EC0-301F-11D3-BF4B-00C04F79EFBC}") = "LambdaDemos", "LambdaDemos\LambdaDemos.csproj", "{0A5F4BF7-09D3-4900-AAE9-498DF2202FD8}"
EndProject
Global
	GlobalSection(SolutionConfigurationPlatforms) = preSolution
		Debug|Any CPU = Debug|Any CPU
		Release|Any CPU = Release|Any CPU
	EndGlobalSection
	GlobalSection(ProjectConfigurationPlatforms) = postSolution
		{0A5F4BF7-09D3-4900-AAE9-498DF2202FD8}.Debug|Any CPU.ActiveCfg = Debug|Any CPU
		{0A5F4BF7-09D3-4900-AAE9-498DF2202FD8}.Debug|Any CPU.Build.0 = Debug|Any CPU
		{0A5F4BF7-09D3-4900-AAE9-498DF2202FD8}.Release|Any CPU.ActiveCfg = Release|Any CPU
		{0A5F4BF7-09D3-4900-AAE9-498DF2202FD8}.Release|Any CPU.Build.0 = Release|Any CPU
	EndGlobalSection
	GlobalSection(SolutionProperties) = preSolution
		HideSolutionNode = FALSE
	EndGlobalSection
	GlobalSection(ExtensibilityGlobals) = postSolution
		SolutionGuid = {9C4D02AF-1CA7-4D6C-8B48-8E3677028892}
	EndGlobalSection
EndGlobal
