
Microsoft Visual Studio Solution File, Format Version 12.00
# Visual Studio Version 17
VisualStudioVersion = 17.14.36310.24 d17.14
MinimumVisualStudioVersion = 10.0.40219.1
Project("{FAE04EC0-301F-11D3-BF4B-00C04F79EFBC}") = "ClalculationLibrary", "ClalculationLibrary\ClalculationLibrary.csproj", "{9DE3AB24-B3F7-45E9-A066-391CA3C44AED}"
EndProject
Project("{FAE04EC0-301F-11D3-BF4B-00C04F79EFBC}") = "CalculationClient", "CalculationClient\CalculationClient.csproj", "{418777DB-5A3C-44C6-A50F-CB3CB0383F01}"
EndProject
Global
	GlobalSection(SolutionConfigurationPlatforms) = preSolution
		Debug|Any CPU = Debug|Any CPU
		Release|Any CPU = Release|Any CPU
	EndGlobalSection
	GlobalSection(ProjectConfigurationPlatforms) = postSolution
		{9DE3AB24-B3F7-45E9-A066-391CA3C44AED}.Debug|Any CPU.ActiveCfg = Debug|Any CPU
		{9DE3AB24-B3F7-45E9-A066-391CA3C44AED}.Debug|Any CPU.Build.0 = Debug|Any CPU
		{9DE3AB24-B3F7-45E9-A066-391CA3C44AED}.Release|Any CPU.ActiveCfg = Release|Any CPU
		{9DE3AB24-B3F7-45E9-A066-391CA3C44AED}.Release|Any CPU.Build.0 = Release|Any CPU
		{418777DB-5A3C-44C6-A50F-CB3CB0383F01}.Debug|Any CPU.ActiveCfg = Debug|Any CPU
		{418777DB-5A3C-44C6-A50F-CB3CB0383F01}.Debug|Any CPU.Build.0 = Debug|Any CPU
		{418777DB-5A3C-44C6-A50F-CB3CB0383F01}.Release|Any CPU.ActiveCfg = Release|Any CPU
		{418777DB-5A3C-44C6-A50F-CB3CB0383F01}.Release|Any CPU.Build.0 = Release|Any CPU
	EndGlobalSection
	GlobalSection(SolutionProperties) = preSolution
		HideSolutionNode = FALSE
	EndGlobalSection
	GlobalSection(ExtensibilityGlobals) = postSolution
		SolutionGuid = {2CD7BD7B-3E1B-4446-8165-F827BAEB743E}
	EndGlobalSection
EndGlobal
