
Microsoft Visual Studio Solution File, Format Version 12.00
# Visual Studio Version 17
VisualStudioVersion = 17.14.36310.24 d17.14
MinimumVisualStudioVersion = 10.0.40219.1
Project("{FAE04EC0-301F-11D3-BF4B-00C04F79EFBC}") = "ProgramAssignment(D-4)", "ConsoleApp1\ProgramAssignment(D-4).csproj", "{ED2DC2C6-B098-4C30-A8D3-721D8B31B747}"
EndProject
Global
	GlobalSection(SolutionConfigurationPlatforms) = preSolution
		Debug|Any CPU = Debug|Any CPU
		Release|Any CPU = Release|Any CPU
	EndGlobalSection
	GlobalSection(ProjectConfigurationPlatforms) = postSolution
		{ED2DC2C6-B098-4C30-A8D3-721D8B31B747}.Debug|Any CPU.ActiveCfg = Debug|Any CPU
		{ED2DC2C6-B098-4C30-A8D3-721D8B31B747}.Debug|Any CPU.Build.0 = Debug|Any CPU
		{ED2DC2C6-B098-4C30-A8D3-721D8B31B747}.Release|Any CPU.ActiveCfg = Release|Any CPU
		{ED2DC2C6-B098-4C30-A8D3-721D8B31B747}.Release|Any CPU.Build.0 = Release|Any CPU
	EndGlobalSection
	GlobalSection(SolutionProperties) = preSolution
		HideSolutionNode = FALSE
	EndGlobalSection
	GlobalSection(ExtensibilityGlobals) = postSolution
		SolutionGuid = {E9A052FB-634D-4BBA-BA12-3D6943C3F844}
	EndGlobalSection
EndGlobal
