
Microsoft Visual Studio Solution File, Format Version 12.00
# Visual Studio Version 17
VisualStudioVersion = 17.14.36310.24 d17.14
MinimumVisualStudioVersion = 10.0.40219.1
Project("{FAE04EC0-301F-11D3-BF4B-00C04F79EFBC}") = "LibraryManagement", "LibraryManagement\LibraryManagement.csproj", "{2D574D98-4CE7-4422-AF2D-25FEC65021BA}"
EndProject
Project("{FAE04EC0-301F-11D3-BF4B-00C04F79EFBC}") = "LibraryManagement.Tests", "..\LibraryManagement.Tests\LibraryManagement.Tests.csproj", "{76F70480-D07D-4EE6-8E6D-58DE1027C4CB}"
EndProject
Global
	GlobalSection(SolutionConfigurationPlatforms) = preSolution
		Debug|Any CPU = Debug|Any CPU
		Release|Any CPU = Release|Any CPU
	EndGlobalSection
	GlobalSection(ProjectConfigurationPlatforms) = postSolution
		{2D574D98-4CE7-4422-AF2D-25FEC65021BA}.Debug|Any CPU.ActiveCfg = Debug|Any CPU
		{2D574D98-4CE7-4422-AF2D-25FEC65021BA}.Debug|Any CPU.Build.0 = Debug|Any CPU
		{2D574D98-4CE7-4422-AF2D-25FEC65021BA}.Release|Any CPU.ActiveCfg = Release|Any CPU
		{2D574D98-4CE7-4422-AF2D-25FEC65021BA}.Release|Any CPU.Build.0 = Release|Any CPU
		{76F70480-D07D-4EE6-8E6D-58DE1027C4CB}.Debug|Any CPU.ActiveCfg = Debug|Any CPU
		{76F70480-D07D-4EE6-8E6D-58DE1027C4CB}.Debug|Any CPU.Build.0 = Debug|Any CPU
		{76F70480-D07D-4EE6-8E6D-58DE1027C4CB}.Release|Any CPU.ActiveCfg = Release|Any CPU
		{76F70480-D07D-4EE6-8E6D-58DE1027C4CB}.Release|Any CPU.Build.0 = Release|Any CPU
	EndGlobalSection
	GlobalSection(SolutionProperties) = preSolution
		HideSolutionNode = FALSE
	EndGlobalSection
	GlobalSection(ExtensibilityGlobals) = postSolution
		SolutionGuid = {5135744F-15B3-4A8C-95CE-7A47F4F417B6}
	EndGlobalSection
EndGlobal
