
Microsoft Visual Studio Solution File, Format Version 12.00
# Visual Studio Version 17
VisualStudioVersion = 17.14.36310.24 d17.14
MinimumVisualStudioVersion = 10.0.40219.1
Project("{FAE04EC0-301F-11D3-BF4B-00C04F79EFBC}") = "RestEmployCrud", "RestEmployCrud\RestEmployCrud.csproj", "{4172425D-0952-45B9-A8A9-B421BBAD3725}"
EndProject
Global
	GlobalSection(SolutionConfigurationPlatforms) = preSolution
		Debug|Any CPU = Debug|Any CPU
		Release|Any CPU = Release|Any CPU
	EndGlobalSection
	GlobalSection(ProjectConfigurationPlatforms) = postSolution
		{4172425D-0952-45B9-A8A9-B421BBAD3725}.Debug|Any CPU.ActiveCfg = Debug|Any CPU
		{4172425D-0952-45B9-A8A9-B421BBAD3725}.Debug|Any CPU.Build.0 = Debug|Any CPU
		{4172425D-0952-45B9-A8A9-B421BBAD3725}.Release|Any CPU.ActiveCfg = Release|Any CPU
		{4172425D-0952-45B9-A8A9-B421BBAD3725}.Release|Any CPU.Build.0 = Release|Any CPU
	EndGlobalSection
	GlobalSection(SolutionProperties) = preSolution
		HideSolutionNode = FALSE
	EndGlobalSection
	GlobalSection(ExtensibilityGlobals) = postSolution
		SolutionGuid = {D6BC7B4D-73F9-490D-87C6-017BF8A819E7}
	EndGlobalSection
EndGlobal
