
Microsoft Visual Studio Solution File, Format Version 12.00
# Visual Studio Version 17
VisualStudioVersion = 17.14.36310.24 d17.14
MinimumVisualStudioVersion = 10.0.40219.1
Project("{FAE04EC0-301F-11D3-BF4B-00C04F79EFBC}") = "DemoApplication", "DemoApplication\DemoApplication.csproj", "{62A774B4-0F43-41F4-982E-E554F5051A5C}"
EndProject
Global
	GlobalSection(SolutionConfigurationPlatforms) = preSolution
		Debug|Any CPU = Debug|Any CPU
		Release|Any CPU = Release|Any CPU
	EndGlobalSection
	GlobalSection(ProjectConfigurationPlatforms) = postSolution
		{62A774B4-0F43-41F4-982E-E554F5051A5C}.Debug|Any CPU.ActiveCfg = Debug|Any CPU
		{62A774B4-0F43-41F4-982E-E554F5051A5C}.Debug|Any CPU.Build.0 = Debug|Any CPU
		{62A774B4-0F43-41F4-982E-E554F5051A5C}.Release|Any CPU.ActiveCfg = Release|Any CPU
		{62A774B4-0F43-41F4-982E-E554F5051A5C}.Release|Any CPU.Build.0 = Release|Any CPU
	EndGlobalSection
	GlobalSection(SolutionProperties) = preSolution
		HideSolutionNode = FALSE
	EndGlobalSection
	GlobalSection(ExtensibilityGlobals) = postSolution
		SolutionGuid = {9FCBC69F-F77D-4340-80AE-A39E80F415F2}
	EndGlobalSection
EndGlobal
