
Microsoft Visual Studio Solution File, Format Version 12.00
# Visual Studio Version 17
VisualStudioVersion = 17.14.36310.24 d17.14
MinimumVisualStudioVersion = 10.0.40219.1
Project("{FAE04EC0-301F-11D3-BF4B-00C04F79EFBC}") = "MvcDemoCore", "MvcDemoCore\MvcDemoCore.csproj", "{467669CA-44DA-4C9D-A952-52D782991D8D}"
EndProject
Global
	GlobalSection(SolutionConfigurationPlatforms) = preSolution
		Debug|Any CPU = Debug|Any CPU
		Release|Any CPU = Release|Any CPU
	EndGlobalSection
	GlobalSection(ProjectConfigurationPlatforms) = postSolution
		{467669CA-44DA-4C9D-A952-52D782991D8D}.Debug|Any CPU.ActiveCfg = Debug|Any CPU
		{467669CA-44DA-4C9D-A952-52D782991D8D}.Debug|Any CPU.Build.0 = Debug|Any CPU
		{467669CA-44DA-4C9D-A952-52D782991D8D}.Release|Any CPU.ActiveCfg = Release|Any CPU
		{467669CA-44DA-4C9D-A952-52D782991D8D}.Release|Any CPU.Build.0 = Release|Any CPU
	EndGlobalSection
	GlobalSection(SolutionProperties) = preSolution
		HideSolutionNode = FALSE
	EndGlobalSection
	GlobalSection(ExtensibilityGlobals) = postSolution
		SolutionGuid = {F3B92453-5753-4C38-8712-FD652F67A3DB}
	EndGlobalSection
EndGlobal
